
Microsoft Visual Studio Solution File, Format Version 12.00
# Visual Studio Version 17
VisualStudioVersion = 17.13.35931.197 d17.13
MinimumVisualStudioVersion = 10.0.40219.1
Project("{FAE04EC0-301F-11D3-BF4B-00C04F79EFBC}") = "ApiEnCouches", "ApiEnCouches\ApiEnCouches.csproj", "{2773C664-F72C-4B61-9233-D1BA486EA9E2}"
EndProject
Project("{FAE04EC0-301F-11D3-BF4B-00C04F79EFBC}") = "ApiEnCouches.Service", "ApiEnCouches.Service\ApiEnCouches.Service.csproj", "{9734EC53-11D4-4911-A6F6-0BCDD85FFD2C}"
EndProject
Project("{FAE04EC0-301F-11D3-BF4B-00C04F79EFBC}") = "ApiEnCouches.DataAccess", "ApiEnCouches.DataAccess\ApiEnCouches.DataAccess.csproj", "{75FCF878-2F19-47AC-A703-3A6BB54270D9}"
EndProject
Global
	GlobalSection(SolutionConfigurationPlatforms) = preSolution
		Debug|Any CPU = Debug|Any CPU
		Release|Any CPU = Release|Any CPU
	EndGlobalSection
	GlobalSection(ProjectConfigurationPlatforms) = postSolution
		{2773C664-F72C-4B61-9233-D1BA486EA9E2}.Debug|Any CPU.ActiveCfg = Debug|Any CPU
		{2773C664-F72C-4B61-9233-D1BA486EA9E2}.Debug|Any CPU.Build.0 = Debug|Any CPU
		{2773C664-F72C-4B61-9233-D1BA486EA9E2}.Release|Any CPU.ActiveCfg = Release|Any CPU
		{2773C664-F72C-4B61-9233-D1BA486EA9E2}.Release|Any CPU.Build.0 = Release|Any CPU
		{9734EC53-11D4-4911-A6F6-0BCDD85FFD2C}.Debug|Any CPU.ActiveCfg = Debug|Any CPU
		{9734EC53-11D4-4911-A6F6-0BCDD85FFD2C}.Debug|Any CPU.Build.0 = Debug|Any CPU
		{9734EC53-11D4-4911-A6F6-0BCDD85FFD2C}.Release|Any CPU.ActiveCfg = Release|Any CPU
		{9734EC53-11D4-4911-A6F6-0BCDD85FFD2C}.Release|Any CPU.Build.0 = Release|Any CPU
		{75FCF878-2F19-47AC-A703-3A6BB54270D9}.Debug|Any CPU.ActiveCfg = Debug|Any CPU
		{75FCF878-2F19-47AC-A703-3A6BB54270D9}.Debug|Any CPU.Build.0 = Debug|Any CPU
		{75FCF878-2F19-47AC-A703-3A6BB54270D9}.Release|Any CPU.ActiveCfg = Release|Any CPU
		{75FCF878-2F19-47AC-A703-3A6BB54270D9}.Release|Any CPU.Build.0 = Release|Any CPU
	EndGlobalSection
	GlobalSection(SolutionProperties) = preSolution
		HideSolutionNode = FALSE
	EndGlobalSection
	GlobalSection(ExtensibilityGlobals) = postSolution
		SolutionGuid = {335E4B9C-9E4C-4A62-A44E-3E268709A391}
	EndGlobalSection
EndGlobal
